
Microsoft Visual Studio Solution File, Format Version 12.00
# Visual Studio Version 18
VisualStudioVersion = 18.0.11205.157 d18.0
MinimumVisualStudioVersion = 10.0.40219.1
Project("{FAE04EC0-301F-11D3-BF4B-00C04F79EFBC}") = "CoD SCZ FoV Changer", "CoD SCZ FoV Changer.csproj", "{9229CE92-C782-4FC3-B347-9180D31995FC}"
EndProject
Global
	GlobalSection(SolutionConfigurationPlatforms) = preSolution
		Debug|Any CPU = Debug|Any CPU
		Debug|x64 = Debug|x64
		Release|Any CPU = Release|Any CPU
		Release|x64 = Release|x64
	EndGlobalSection
	GlobalSection(ProjectConfigurationPlatforms) = postSolution
		{9229CE92-C782-4FC3-B347-9180D31995FC}.Debug|Any CPU.ActiveCfg = Debug|Any CPU
		{9229CE92-C782-4FC3-B347-9180D31995FC}.Debug|Any CPU.Build.0 = Debug|Any CPU
		{9229CE92-C782-4FC3-B347-9180D31995FC}.Debug|x64.ActiveCfg = Debug|x64
		{9229CE92-C782-4FC3-B347-9180D31995FC}.Debug|x64.Build.0 = Debug|x64
		{9229CE92-C782-4FC3-B347-9180D31995FC}.Release|Any CPU.ActiveCfg = Release|Any CPU
		{9229CE92-C782-4FC3-B347-9180D31995FC}.Release|Any CPU.Build.0 = Release|Any CPU
		{9229CE92-C782-4FC3-B347-9180D31995FC}.Release|x64.ActiveCfg = Release|x64
		{9229CE92-C782-4FC3-B347-9180D31995FC}.Release|x64.Build.0 = Release|x64
	EndGlobalSection
	GlobalSection(SolutionProperties) = preSolution
		HideSolutionNode = FALSE
	EndGlobalSection
EndGlobal
